
Microsoft Visual Studio Solution File, Format Version 12.00
# Visual Studio Version 17
VisualStudioVersion = 17.4.33122.133
MinimumVisualStudioVersion = 10.0.40219.1
Project("{FAE04EC0-301F-11D3-BF4B-00C04F79EFBC}") = "Countdown.Android", "Countdown\Countdown.Android\Countdown.Android.csproj", "{096309CE-031F-49AE-BB29-B3D560971E71}"
EndProject
Project("{FAE04EC0-301F-11D3-BF4B-00C04F79EFBC}") = "Countdown", "Countdown\Countdown\Countdown.csproj", "{B441B6AC-0570-414E-99B4-DC43317ED8F0}"
EndProject
Global
	GlobalSection(SolutionConfigurationPlatforms) = preSolution
		Debug|Any CPU = Debug|Any CPU
		Release|Any CPU = Release|Any CPU
	EndGlobalSection
	GlobalSection(ProjectConfigurationPlatforms) = postSolution
		{096309CE-031F-49AE-BB29-B3D560971E71}.Debug|Any CPU.ActiveCfg = Debug|Any CPU
		{096309CE-031F-49AE-BB29-B3D560971E71}.Debug|Any CPU.Build.0 = Debug|Any CPU
		{096309CE-031F-49AE-BB29-B3D560971E71}.Debug|Any CPU.Deploy.0 = Debug|Any CPU
		{096309CE-031F-49AE-BB29-B3D560971E71}.Release|Any CPU.ActiveCfg = Release|Any CPU
		{096309CE-031F-49AE-BB29-B3D560971E71}.Release|Any CPU.Build.0 = Release|Any CPU
		{096309CE-031F-49AE-BB29-B3D560971E71}.Release|Any CPU.Deploy.0 = Release|Any CPU
		{B441B6AC-0570-414E-99B4-DC43317ED8F0}.Debug|Any CPU.ActiveCfg = Debug|Any CPU
		{B441B6AC-0570-414E-99B4-DC43317ED8F0}.Debug|Any CPU.Build.0 = Debug|Any CPU
		{B441B6AC-0570-414E-99B4-DC43317ED8F0}.Debug|Any CPU.Deploy.0 = Debug|Any CPU
		{B441B6AC-0570-414E-99B4-DC43317ED8F0}.Release|Any CPU.ActiveCfg = Release|Any CPU
		{B441B6AC-0570-414E-99B4-DC43317ED8F0}.Release|Any CPU.Build.0 = Release|Any CPU
		{B441B6AC-0570-414E-99B4-DC43317ED8F0}.Release|Any CPU.Deploy.0 = Release|Any CPU
	EndGlobalSection
	GlobalSection(SolutionProperties) = preSolution
		HideSolutionNode = FALSE
	EndGlobalSection
	GlobalSection(ExtensibilityGlobals) = postSolution
		SolutionGuid = {39A7C18F-9E5E-413D-A96E-8CB37A2950A3}
	EndGlobalSection
EndGlobal
